Microsoft Visual Studio Solution File, Format Version 12.00
# Visual Studio Version 17
VisualStudioVersion = 17.5.2.0
MinimumVisualStudioVersion = 10.0.40219.1
Project("{FAE04EC0-301F-11D3-BF4B-00C04F79EFBC}") = "Nanotech", "Nanotech.csproj", "{6A77C939-B123-730F-310C-DA9E0B897FB8}"
EndProject
Global
	GlobalSection(SolutionConfigurationPlatforms) = preSolution
		Debug|Any CPU = Debug|Any CPU
		Release|Any CPU = Release|Any CPU
	EndGlobalSection
	GlobalSection(ProjectConfigurationPlatforms) = postSolution
		{6A77C939-B123-730F-310C-DA9E0B897FB8}.Debug|Any CPU.ActiveCfg = Debug|Any CPU
		{6A77C939-B123-730F-310C-DA9E0B897FB8}.Debug|Any CPU.Build.0 = Debug|Any CPU
		{6A77C939-B123-730F-310C-DA9E0B897FB8}.Release|Any CPU.ActiveCfg = Release|Any CPU
		{6A77C939-B123-730F-310C-DA9E0B897FB8}.Release|Any CPU.Build.0 = Release|Any CPU
	EndGlobalSection
	GlobalSection(SolutionProperties) = preSolution
		HideSolutionNode = FALSE
	EndGlobalSection
	GlobalSection(ExtensibilityGlobals) = postSolution
		SolutionGuid = {13627A93-2D44-4680-BD71-0969E67F2BFD}
	EndGlobalSection
EndGlobal
